# THIS IS AN AUTOGENERATED FILE. DO NOT EDIT THIS FILE DIRECTLY.
# yarn lockfile v1


object-assign@^4.1.1:
  version "4.1.1"
  resolved "https://registry.yarnpkg.com/object-assign/-/object-assign-4.1.1.tgz#2109adc7965887cfc05cbbd442cac8bfbb360863"
  integrity sha1-IQmtx5ZYh8/AXLvUQsrIv7s2CGM=

proxy-compare@1.1.2:
  version "1.1.2"
  resolved "https://registry.yarnpkg.com/proxy-compare/-/proxy-compare-1.1.2.tgz#a8113d3a5f47d3cd39834022a819cdba1f428b54"
  integrity sha512-wvPFEMpQxlBqyJ3AR6Z3A4bfzAe5JhdGxa1Ii9khLusz9QJFyVEZNOJSw8c/dNn2dl7lIxB6kG9mlUD6jlUi5Q==

use-subscription@1.5.1:
  version "1.5.1"
  resolved "https://registry.yarnpkg.com/use-subscription/-/use-subscription-1.5.1.tgz#73501107f02fad84c6dd57965beb0b75c68c42d1"
  integrity sha512-Xv2a1P/yReAjAbhylMfFplFKj9GssgTwN7RlcTxBujFQcloStWNDQdc4g4NRWH9xS4i/FDk04vQBptAXoF3VcA==
  dependencies:
    object-assign "^4.1.1"

valtio@^0.4.1:
  version "0.4.1"
  resolved "https://registry.yarnpkg.com/valtio/-/valtio-0.4.1.tgz#60cf79d0fab9a0199e2cf6379af90dcd3967ee63"
  integrity sha512-pavOsBCSz6sa/CuG5QW5OKTFGw5nDG6e+utKVfDxyZoi6/InOdejzVPxK2H+gLF+h2enNRHNLF1GYO+2hgTjCg==
  dependencies:
    proxy-compare "1.1.2"
    use-subscription "1.5.1"
